
Microsoft Visual Studio Solution File, Format Version 12.00
# Visual Studio Version 17
VisualStudioVersion = 17.6.33829.357
MinimumVisualStudioVersion = 10.0.40219.1
Project("{FAE04EC0-301F-11D3-BF4B-00C04F79EFBC}") = "prepareBikeParking", "prepareBikeParking.csproj", "{83C382A3-191D-45DA-BFE3-5199BB91762E}"
EndProject
Global
	GlobalSection(SolutionConfigurationPlatforms) = preSolution
		Debug|Any CPU = Debug|Any CPU
		Release|Any CPU = Release|Any CPU
	EndGlobalSection
	GlobalSection(ProjectConfigurationPlatforms) = postSolution
		{83C382A3-191D-45DA-BFE3-5199BB91762E}.Debug|Any CPU.ActiveCfg = Debug|Any CPU
		{83C382A3-191D-45DA-BFE3-5199BB91762E}.Debug|Any CPU.Build.0 = Debug|Any CPU
		{83C382A3-191D-45DA-BFE3-5199BB91762E}.Release|Any CPU.ActiveCfg = Release|Any CPU
		{83C382A3-191D-45DA-BFE3-5199BB91762E}.Release|Any CPU.Build.0 = Release|Any CPU
	EndGlobalSection
	GlobalSection(SolutionProperties) = preSolution
		HideSolutionNode = FALSE
	EndGlobalSection
	GlobalSection(ExtensibilityGlobals) = postSolution
		SolutionGuid = {CFF6177D-D80F-4F85-8109-61335E9BDA98}
	EndGlobalSection
EndGlobal
